github.com/a7medalyapany/dog v0.0.0-20251005175421-5a5c0917f807 h1:bGg4kzmIFAqvdc3B8U2IhtbcEmo57Ko+cS56mokv8yc=
github.com/a7medalyapany/dog v0.0.0-20251005175421-5a5c0917f807/go.mod h1:6Ll+WCnC8NIRQqbL+o+q3pKLcqGuZjnch6mnO0UNdiQ=
github.com/a7medalyapany/puppy v0.0.0-20251005121232-f37093b18474 h1:s48J0xWzsp1ZfuSXqKoFW7U/2jFwX7ViD+zHTtwJPB8=
github.com/a7medalyapany/puppy v0.0.0-20251005121232-f37093b18474/go.mod h1:9WX5dniQOElaDcsX+b8VQ1CNEi3WiC9O/ZIwbNEOkkc=
github.com/a7medalyapany/puppy v0.0.0-20251005181841-e32bfb6da6fe h1:ySAvc89QHJ1AxPBk3j6rXKgmHVih/0VB9AUo1HW6oK8=
github.com/a7medalyapany/puppy v0.0.0-20251005181841-e32bfb6da6fe/go.mod h1:abrc42uIlCNTSR1oesPpLMyy0hdctQuZ2+9W32IPDW8=
golang.org/x/crypto v0.44.0 h1:A97SsFvM3AIwEEmTBiaxPPTYpDC47w720rdiiUvgoAU=
golang.org/x/crypto v0.44.0/go.mod h1:013i+Nw79BMiQiMsOPcVCB5ZIJbYkerPrGnOa00tvmc=
